{
  "name": "i18next-codemod",
  "version": "1.0.0",
  "lockfileVersion": 1,
  "requires": true,
  "dependencies": {
    "@babel/parser": {
      "version": "7.0.0-beta.54",
      "resolved": "https://widen.jfrog.io/widen/api/npm/npm-virtual/@babel/parser/-/parser-7.0.0-beta.54.tgz",
      "integrity": "sha1-wBqmO1fJyNzodEeWyB2d8SHyDbQ="
    },
    "ansi-regex": {
      "version": "2.1.1",
      "resolved": "https://widen.jfrog.io/widen/api/npm/npm-virtual/ansi-regex/-/ansi-regex-2.1.1.tgz",
      "integrity": "sha1-w7M6te42DYbg5ijwRorn7yfWVN8="
    },
    "ansi-styles": {
      "version": "3.2.1",
      "resolved": "https://widen.jfrog.io/widen/api/npm/npm-virtual/ansi-styles/-/ansi-styles-3.2.1.tgz",
      "integrity": "sha1-QfuyAkPlCxK+DwS43tvwdSDOhB0=",
      "requires": {
        "color-convert": "^1.9.0"
      }
    },
    "ast-types": {
      "version": "0.11.5",
      "resolved": "https://widen.jfrog.io/widen/api/npm/npm-virtual/ast-types/-/ast-types-0.11.5.tgz",
      "integrity": "sha1-mJCCXWYMA8KDOfMV6foKNg4x7Cg="
    },
    "babel-code-frame": {
      "version": "6.26.0",
      "resolved": "https://widen.jfrog.io/widen/api/npm/npm-virtual/babel-code-frame/-/babel-code-frame-6.26.0.tgz",
      "integrity": "sha1-Y/1D99weO7fONZR9uP42mj9Yx0s=",
      "requires": {
        "chalk": "^1.1.3",
        "esutils": "^2.0.2",
        "js-tokens": "^3.0.2"
      },
      "dependencies": {
        "ansi-styles": {
          "version": "2.2.1",
          "resolved": "https://widen.jfrog.io/widen/api/npm/npm-virtual/ansi-styles/-/ansi-styles-2.2.1.tgz",
          "integrity": "sha1-tDLdM1i2NM914eRmQ2gkBTPB3b4="
        },
        "chalk": {
          "version": "1.1.3",
          "resolved": "https://widen.jfrog.io/widen/api/npm/npm-virtual/chalk/-/chalk-1.1.3.tgz",
          "integrity": "sha1-qBFcVeSnAv5NFQq9OHKCKn4J/Jg=",
          "requires": {
            "ansi-styles": "^2.2.1",
            "escape-string-regexp": "^1.0.2",
            "has-ansi": "^2.0.0",
            "strip-ansi": "^3.0.0",
            "supports-color": "^2.0.0"
          }
        },
        "supports-color": {
          "version": "2.0.0",
          "resolved": "https://widen.jfrog.io/widen/api/npm/npm-virtual/supports-color/-/supports-color-2.0.0.tgz",
          "integrity": "sha1-U10EXOa2Nj+kARcIRimZXp3zJMc="
        }
      }
    },
    "babel-messages": {
      "version": "6.23.0",
      "resolved": "https://widen.jfrog.io/widen/api/npm/npm-virtual/babel-messages/-/babel-messages-6.23.0.tgz",
      "integrity": "sha1-8830cDhYA1sqKVHG7F7fbGLyYw4=",
      "requires": {
        "babel-runtime": "^6.22.0"
      }
    },
    "babel-runtime": {
      "version": "6.26.0",
      "resolved": "https://widen.jfrog.io/widen/api/npm/npm-virtual/babel-runtime/-/babel-runtime-6.26.0.tgz",
      "integrity": "sha1-llxwWGaOgrVde/4E/yM3vItWR/4=",
      "requires": {
        "core-js": "^2.4.0",
        "regenerator-runtime": "^0.11.0"
      }
    },
    "babel-traverse": {
      "version": "6.26.0",
      "resolved": "https://widen.jfrog.io/widen/api/npm/npm-virtual/babel-traverse/-/babel-traverse-6.26.0.tgz",
      "integrity": "sha1-RqnL1+3MYsjlwGTi0tjQ9ANXZu4=",
      "requires": {
        "babel-code-frame": "^6.26.0",
        "babel-messages": "^6.23.0",
        "babel-runtime": "^6.26.0",
        "babel-types": "^6.26.0",
        "babylon": "^6.18.0",
        "debug": "^2.6.8",
        "globals": "^9.18.0",
        "invariant": "^2.2.2",
        "lodash": "^4.17.4"
      }
    },
    "babel-types": {
      "version": "6.26.0",
      "resolved": "https://widen.jfrog.io/widen/api/npm/npm-virtual/babel-types/-/babel-types-6.26.0.tgz",
      "integrity": "sha1-o7Bz+Uq0nrb6Vc1lInozQ4BjJJc=",
      "requires": {
        "babel-runtime": "^6.26.0",
        "esutils": "^2.0.2",
        "lodash": "^4.17.4",
        "to-fast-properties": "^1.0.3"
      }
    },
    "babylon": {
      "version": "6.18.0",
      "resolved": "https://widen.jfrog.io/widen/api/npm/npm-virtual/babylon/-/babylon-6.18.0.tgz",
      "integrity": "sha1-ry87iPpvXB5MY00aD46sT1WzleM="
    },
    "camelcase": {
      "version": "4.1.0",
      "resolved": "https://widen.jfrog.io/widen/api/npm/npm-virtual/camelcase/-/camelcase-4.1.0.tgz",
      "integrity": "sha1-1UVjW+HjPFQmScaRc+Xeas+uNN0="
    },
    "chalk": {
      "version": "2.4.1",
      "resolved": "https://widen.jfrog.io/widen/api/npm/npm-virtual/chalk/-/chalk-2.4.1.tgz",
      "integrity": "sha1-GMSasWoDe26wFSzIPjRxM4IVtm4=",
      "requires": {
        "ansi-styles": "^3.2.1",
        "escape-string-regexp": "^1.0.5",
        "supports-color": "^5.3.0"
      }
    },
    "cliui": {
      "version": "4.1.0",
      "resolved": "https://widen.jfrog.io/widen/api/npm/npm-virtual/cliui/-/cliui-4.1.0.tgz",
      "integrity": "sha1-NIQi2+gtgAswIu709qwQvy5NG0k=",
      "requires": {
        "string-width": "^2.1.1",
        "strip-ansi": "^4.0.0",
        "wrap-ansi": "^2.0.0"
      },
      "dependencies": {
        "ansi-regex": {
          "version": "3.0.0",
          "resolved": "https://widen.jfrog.io/widen/api/npm/npm-virtual/ansi-regex/-/ansi-regex-3.0.0.tgz",
          "integrity": "sha1-7QMXwyIGT3lGbAKWa922Bas32Zg="
        },
        "strip-ansi": {
          "version": "4.0.0",
          "resolved": "https://widen.jfrog.io/widen/api/npm/npm-virtual/strip-ansi/-/strip-ansi-4.0.0.tgz",
          "integrity": "sha1-qEeQIusaw2iocTibY1JixQXuNo8=",
          "requires": {
            "ansi-regex": "^3.0.0"
          }
        }
      }
    },
    "code-point-at": {
      "version": "1.1.0",
      "resolved": "https://widen.jfrog.io/widen/api/npm/npm-virtual/code-point-at/-/code-point-at-1.1.0.tgz",
      "integrity": "sha1-DQcLTQQ6W+ozovGkDi7bPZpMz3c="
    },
    "color-convert": {
      "version": "1.9.2",
      "resolved": "https://widen.jfrog.io/widen/api/npm/npm-virtual/color-convert/-/color-convert-1.9.2.tgz",
      "integrity": "sha1-SYgbj7pn3xKpa98/VsCqueeRMUc=",
      "requires": {
        "color-name": "1.1.1"
      }
    },
    "color-name": {
      "version": "1.1.1",
      "resolved": "https://widen.jfrog.io/widen/api/npm/npm-virtual/color-name/-/color-name-1.1.1.tgz",
      "integrity": "sha1-SxQVMEz1ACjqgWQ2Q72C6gWANok="
    },
    "core-js": {
      "version": "2.5.7",
      "resolved": "https://widen.jfrog.io/widen/api/npm/npm-virtual/core-js/-/core-js-2.5.7.tgz",
      "integrity": "sha1-+XJgj/DOrWi4QaFqky0LGDeRgU4="
    },
    "cross-spawn": {
      "version": "5.1.0",
      "resolved": "https://widen.jfrog.io/widen/api/npm/npm-virtual/cross-spawn/-/cross-spawn-5.1.0.tgz",
      "integrity": "sha1-6L0O/uWPz/b4+UUQoKVUu/ojVEk=",
      "requires": {
        "lru-cache": "^4.0.1",
        "shebang-command": "^1.2.0",
        "which": "^1.2.9"
      }
    },
    "debug": {
      "version": "2.6.9",
      "resolved": "https://widen.jfrog.io/widen/api/npm/npm-virtual/debug/-/debug-2.6.9.tgz",
      "integrity": "sha1-XRKFFd8TT/Mn6QpMk/Tgd6U2NB8=",
      "requires": {
        "ms": "2.0.0"
      }
    },
    "decamelize": {
      "version": "2.0.0",
      "resolved": "https://widen.jfrog.io/widen/api/npm/npm-virtual/decamelize/-/decamelize-2.0.0.tgz",
      "integrity": "sha1-ZW17vICUxMeI6lPFhAkIycfQY8c=",
      "requires": {
        "xregexp": "4.0.0"
      }
    },
    "diff": {
      "version": "3.5.0",
      "resolved": "https://widen.jfrog.io/widen/api/npm/npm-virtual/diff/-/diff-3.5.0.tgz",
      "integrity": "sha1-gAwN0eCov7yVg1wgKtIg/jF+WhI="
    },
    "escape-string-regexp": {
      "version": "1.0.5",
      "resolved": "https://widen.jfrog.io/widen/api/npm/npm-virtual/escape-string-regexp/-/escape-string-regexp-1.0.5.tgz",
      "integrity": "sha1-G2HAViGQqN/2rjuyzwIAyhMLhtQ="
    },
    "esprima": {
      "version": "4.0.1",
      "resolved": "https://widen.jfrog.io/widen/api/npm/npm-virtual/esprima/-/esprima-4.0.1.tgz",
      "integrity": "sha1-E7BM2z5sXRnfkatph6hpVhmwqnE="
    },
    "esutils": {
      "version": "2.0.2",
      "resolved": "https://widen.jfrog.io/widen/api/npm/npm-virtual/esutils/-/esutils-2.0.2.tgz",
      "integrity": "sha1-Cr9PHKpbyx96nYrMbepPqqBLrJs="
    },
    "execa": {
      "version": "0.7.0",
      "resolved": "https://widen.jfrog.io/widen/api/npm/npm-virtual/execa/-/execa-0.7.0.tgz",
      "integrity": "sha1-lEvs00zEHuMqY6n68nrVpl/Fl3c=",
      "requires": {
        "cross-spawn": "^5.0.1",
        "get-stream": "^3.0.0",
        "is-stream": "^1.1.0",
        "npm-run-path": "^2.0.0",
        "p-finally": "^1.0.0",
        "signal-exit": "^3.0.0",
        "strip-eof": "^1.0.0"
      }
    },
    "find": {
      "version": "0.2.9",
      "resolved": "https://widen.jfrog.io/widen/api/npm/npm-virtual/find/-/find-0.2.9.tgz",
      "integrity": "sha1-S3Px/55WrZG3bnFkB/5f/mVUu4w=",
      "requires": {
        "traverse-chain": "~0.1.0"
      }
    },
    "find-up": {
      "version": "3.0.0",
      "resolved": "https://widen.jfrog.io/widen/api/npm/npm-virtual/find-up/-/find-up-3.0.0.tgz",
      "integrity": "sha1-SRafHXmTQwZG2mHsxa41XCHJe3M=",
      "requires": {
        "locate-path": "^3.0.0"
      }
    },
    "get-caller-file": {
      "version": "1.0.3",
      "resolved": "https://widen.jfrog.io/widen/api/npm/npm-virtual/get-caller-file/-/get-caller-file-1.0.3.tgz",
      "integrity": "sha1-+Xj6TJDR3+f/LWvtoqUV5xO9z0o="
    },
    "get-stream": {
      "version": "3.0.0",
      "resolved": "https://widen.jfrog.io/widen/api/npm/npm-virtual/get-stream/-/get-stream-3.0.0.tgz",
      "integrity": "sha1-jpQ9E1jcN1VQVOy+LtsFqhdO3hQ="
    },
    "globals": {
      "version": "9.18.0",
      "resolved": "https://widen.jfrog.io/widen/api/npm/npm-virtual/globals/-/globals-9.18.0.tgz",
      "integrity": "sha1-qjiWs+abSH8X4x7SFD1pqOMMLYo="
    },
    "has-ansi": {
      "version": "2.0.0",
      "resolved": "https://widen.jfrog.io/widen/api/npm/npm-virtual/has-ansi/-/has-ansi-2.0.0.tgz",
      "integrity": "sha1-NPUEnOHs3ysGSa8+8k5F7TVBbZE=",
      "requires": {
        "ansi-regex": "^2.0.0"
      }
    },
    "has-flag": {
      "version": "3.0.0",
      "resolved": "https://widen.jfrog.io/widen/api/npm/npm-virtual/has-flag/-/has-flag-3.0.0.tgz",
      "integrity": "sha1-tdRU3CGZriJWmfNGfloH87lVuv0="
    },
    "invariant": {
      "version": "2.2.4",
      "resolved": "https://widen.jfrog.io/widen/api/npm/npm-virtual/invariant/-/invariant-2.2.4.tgz",
      "integrity": "sha1-YQ88ksk1nOHbYW5TgAjSP/NRWOY=",
      "requires": {
        "loose-envify": "^1.0.0"
      }
    },
    "invert-kv": {
      "version": "1.0.0",
      "resolved": "https://widen.jfrog.io/widen/api/npm/npm-virtual/invert-kv/-/invert-kv-1.0.0.tgz",
      "integrity": "sha1-EEqOSqym09jNFXqO+L+rLXo//bY="
    },
    "is-fullwidth-code-point": {
      "version": "2.0.0",
      "resolved": "https://widen.jfrog.io/widen/api/npm/npm-virtual/is-fullwidth-code-point/-/is-fullwidth-code-point-2.0.0.tgz",
      "integrity": "sha1-o7MKXE8ZkYMWeqq5O+764937ZU8="
    },
    "is-stream": {
      "version": "1.1.0",
      "resolved": "https://widen.jfrog.io/widen/api/npm/npm-virtual/is-stream/-/is-stream-1.1.0.tgz",
      "integrity": "sha1-EtSj3U5o4Lec6428hBc66A2RykQ="
    },
    "isexe": {
      "version": "2.0.0",
      "resolved": "https://widen.jfrog.io/widen/api/npm/npm-virtual/isexe/-/isexe-2.0.0.tgz",
      "integrity": "sha1-6PvzdNxVb/iUehDcsFctYz8s+hA="
    },
    "jest-diff": {
      "version": "23.2.0",
      "resolved": "https://widen.jfrog.io/widen/api/npm/npm-virtual/jest-diff/-/jest-diff-23.2.0.tgz",
      "integrity": "sha1-nyz0tR4Sx5FVAgCrwWtHEwrxBio=",
      "requires": {
        "chalk": "^2.0.1",
        "diff": "^3.2.0",
        "jest-get-type": "^22.1.0",
        "pretty-format": "^23.2.0"
      }
    },
    "jest-get-type": {
      "version": "22.4.3",
      "resolved": "https://widen.jfrog.io/widen/api/npm/npm-virtual/jest-get-type/-/jest-get-type-22.4.3.tgz",
      "integrity": "sha1-46hQTYR5NC3UQgI2syKGnxiQDOQ="
    },
    "js-tokens": {
      "version": "3.0.2",
      "resolved": "https://widen.jfrog.io/widen/api/npm/npm-virtual/js-tokens/-/js-tokens-3.0.2.tgz",
      "integrity": "sha1-mGbfOVECEw449/mWvOtlRDIJwls="
    },
    "lcid": {
      "version": "1.0.0",
      "resolved": "https://widen.jfrog.io/widen/api/npm/npm-virtual/lcid/-/lcid-1.0.0.tgz",
      "integrity": "sha1-MIrMr6C8SDo4Z7S28rlQYlHRuDU=",
      "requires": {
        "invert-kv": "^1.0.0"
      }
    },
    "locate-path": {
      "version": "3.0.0",
      "resolved": "https://widen.jfrog.io/widen/api/npm/npm-virtual/locate-path/-/locate-path-3.0.0.tgz",
      "integrity": "sha1-2+w7OrdZdYBxtY/ln8QYca8hQA4=",
      "requires": {
        "p-locate": "^3.0.0",
        "path-exists": "^3.0.0"
      }
    },
    "lodash": {
      "version": "4.17.10",
      "resolved": "https://widen.jfrog.io/widen/api/npm/npm-virtual/lodash/-/lodash-4.17.10.tgz",
      "integrity": "sha1-G3eTz3JZ6jj7NmHU04syYK+K5Oc="
    },
    "loose-envify": {
      "version": "1.4.0",
      "resolved": "https://widen.jfrog.io/widen/api/npm/npm-virtual/loose-envify/-/loose-envify-1.4.0.tgz",
      "integrity": "sha1-ce5R+nvkyuwaY4OffmgtgTLTDK8=",
      "requires": {
        "js-tokens": "^3.0.0 || ^4.0.0"
      }
    },
    "lru-cache": {
      "version": "4.1.3",
      "resolved": "https://widen.jfrog.io/widen/api/npm/npm-virtual/lru-cache/-/lru-cache-4.1.3.tgz",
      "integrity": "sha1-oRdc80lt/IQ2wVbDNLSVWZK85pw=",
      "requires": {
        "pseudomap": "^1.0.2",
        "yallist": "^2.1.2"
      }
    },
    "mem": {
      "version": "1.1.0",
      "resolved": "https://widen.jfrog.io/widen/api/npm/npm-virtual/mem/-/mem-1.1.0.tgz",
      "integrity": "sha1-Xt1StIXKHZAP5kiVUFOZoN+kX3Y=",
      "requires": {
        "mimic-fn": "^1.0.0"
      }
    },
    "mimic-fn": {
      "version": "1.2.0",
      "resolved": "https://widen.jfrog.io/widen/api/npm/npm-virtual/mimic-fn/-/mimic-fn-1.2.0.tgz",
      "integrity": "sha1-ggyGo5M0ZA6ZUWkovQP8qIBX0CI="
    },
    "ms": {
      "version": "2.0.0",
      "resolved": "https://widen.jfrog.io/widen/api/npm/npm-virtual/ms/-/ms-2.0.0.tgz",
      "integrity": "sha1-VgiurfwAvmwpAd9fmGF4jeDVl8g="
    },
    "npm-run-path": {
      "version": "2.0.2",
      "resolved": "https://widen.jfrog.io/widen/api/npm/npm-virtual/npm-run-path/-/npm-run-path-2.0.2.tgz",
      "integrity": "sha1-NakjLfo11wZ7TLLd8jV7GHFTbF8=",
      "requires": {
        "path-key": "^2.0.0"
      }
    },
    "number-is-nan": {
      "version": "1.0.1",
      "resolved": "https://widen.jfrog.io/widen/api/npm/npm-virtual/number-is-nan/-/number-is-nan-1.0.1.tgz",
      "integrity": "sha1-CXtgK1NCKlIsGvuHkDGDNpQaAR0="
    },
    "os-locale": {
      "version": "2.1.0",
      "resolved": "https://widen.jfrog.io/widen/api/npm/npm-virtual/os-locale/-/os-locale-2.1.0.tgz",
      "integrity": "sha1-QrwpAKa1uL0XN2yOiCtlr8zyS/I=",
      "requires": {
        "execa": "^0.7.0",
        "lcid": "^1.0.0",
        "mem": "^1.1.0"
      }
    },
    "p-finally": {
      "version": "1.0.0",
      "resolved": "https://widen.jfrog.io/widen/api/npm/npm-virtual/p-finally/-/p-finally-1.0.0.tgz",
      "integrity": "sha1-P7z7FbiZpEEjs0ttzBi3JDNqLK4="
    },
    "p-limit": {
      "version": "2.0.0",
      "resolved": "https://widen.jfrog.io/widen/api/npm/npm-virtual/p-limit/-/p-limit-2.0.0.tgz",
      "integrity": "sha1-5iTtVO6MRgp3izyfNnBJb/ileuw=",
      "requires": {
        "p-try": "^2.0.0"
      }
    },
    "p-locate": {
      "version": "3.0.0",
      "resolved": "https://widen.jfrog.io/widen/api/npm/npm-virtual/p-locate/-/p-locate-3.0.0.tgz",
      "integrity": "sha1-Mi1poFwCZLJZl9n0DNiokasAZKQ=",
      "requires": {
        "p-limit": "^2.0.0"
      }
    },
    "p-try": {
      "version": "2.0.0",
      "resolved": "https://widen.jfrog.io/widen/api/npm/npm-virtual/p-try/-/p-try-2.0.0.tgz",
      "integrity": "sha1-hQgLuHxkaI+keZb+j3376CEXYLE="
    },
    "path-exists": {
      "version": "3.0.0",
      "resolved": "https://widen.jfrog.io/widen/api/npm/npm-virtual/path-exists/-/path-exists-3.0.0.tgz",
      "integrity": "sha1-zg6+ql94yxiSXqfYENe1mwEP1RU="
    },
    "path-key": {
      "version": "2.0.1",
      "resolved": "https://widen.jfrog.io/widen/api/npm/npm-virtual/path-key/-/path-key-2.0.1.tgz",
      "integrity": "sha1-QRyttXTFoUDTpLGRDUDYDMn0C0A="
    },
    "pretty-format": {
      "version": "23.2.0",
      "resolved": "https://widen.jfrog.io/widen/api/npm/npm-virtual/pretty-format/-/pretty-format-23.2.0.tgz",
      "integrity": "sha1-OwqqY8AYpTWDNzwcs6XZbMXoMBc=",
      "requires": {
        "ansi-regex": "^3.0.0",
        "ansi-styles": "^3.2.0"
      },
      "dependencies": {
        "ansi-regex": {
          "version": "3.0.0",
          "resolved": "https://widen.jfrog.io/widen/api/npm/npm-virtual/ansi-regex/-/ansi-regex-3.0.0.tgz",
          "integrity": "sha1-7QMXwyIGT3lGbAKWa922Bas32Zg="
        }
      }
    },
    "private": {
      "version": "0.1.8",
      "resolved": "https://widen.jfrog.io/widen/api/npm/npm-virtual/private/-/private-0.1.8.tgz",
      "integrity": "sha1-I4Hts2ifelPWUxkAYPz4ItLzaP8="
    },
    "pseudomap": {
      "version": "1.0.2",
      "resolved": "https://widen.jfrog.io/widen/api/npm/npm-virtual/pseudomap/-/pseudomap-1.0.2.tgz",
      "integrity": "sha1-8FKijacOYYkX7wqKw0wa5aaChrM="
    },
    "recast": {
      "version": "0.15.2",
      "resolved": "https://widen.jfrog.io/widen/api/npm/npm-virtual/recast/-/recast-0.15.2.tgz",
      "integrity": "sha1-vK6/fNsHKOOOxtFDjn+zWUUFzuM=",
      "requires": {
        "ast-types": "0.11.5",
        "esprima": "~4.0.0",
        "private": "~0.1.5",
        "source-map": "~0.6.1"
      }
    },
    "regenerator-runtime": {
      "version": "0.11.1",
      "resolved": "https://widen.jfrog.io/widen/api/npm/npm-virtual/regenerator-runtime/-/regenerator-runtime-0.11.1.tgz",
      "integrity": "sha1-vgWtf5v30i4Fb5cmzuUBf78Z4uk="
    },
    "require-directory": {
      "version": "2.1.1",
      "resolved": "https://widen.jfrog.io/widen/api/npm/npm-virtual/require-directory/-/require-directory-2.1.1.tgz",
      "integrity": "sha1-jGStX9MNqxyXbiNE/+f3kqam30I="
    },
    "require-main-filename": {
      "version": "1.0.1",
      "resolved": "https://widen.jfrog.io/widen/api/npm/npm-virtual/require-main-filename/-/require-main-filename-1.0.1.tgz",
      "integrity": "sha1-l/cXtp1IeE9fUmpsWqj/3aBVpNE="
    },
    "set-blocking": {
      "version": "2.0.0",
      "resolved": "https://widen.jfrog.io/widen/api/npm/npm-virtual/set-blocking/-/set-blocking-2.0.0.tgz",
      "integrity": "sha1-BF+XgtARrppoA93TgrJDkrPYkPc="
    },
    "shebang-command": {
      "version": "1.2.0",
      "resolved": "https://widen.jfrog.io/widen/api/npm/npm-virtual/shebang-command/-/shebang-command-1.2.0.tgz",
      "integrity": "sha1-RKrGW2lbAzmJaMOfNj/uXer98eo=",
      "requires": {
        "shebang-regex": "^1.0.0"
      }
    },
    "shebang-regex": {
      "version": "1.0.0",
      "resolved": "https://widen.jfrog.io/widen/api/npm/npm-virtual/shebang-regex/-/shebang-regex-1.0.0.tgz",
      "integrity": "sha1-2kL0l0DAtC2yypcoVxyxkMmO/qM="
    },
    "signal-exit": {
      "version": "3.0.2",
      "resolved": "https://widen.jfrog.io/widen/api/npm/npm-virtual/signal-exit/-/signal-exit-3.0.2.tgz",
      "integrity": "sha1-tf3AjxKH6hF4Yo5BXiUTK3NkbG0="
    },
    "source-map": {
      "version": "0.6.1",
      "resolved": "https://widen.jfrog.io/widen/api/npm/npm-virtual/source-map/-/source-map-0.6.1.tgz",
      "integrity": "sha1-dHIq8y6WFOnCh6jQu95IteLxomM="
    },
    "string-width": {
      "version": "2.1.1",
      "resolved": "https://widen.jfrog.io/widen/api/npm/npm-virtual/string-width/-/string-width-2.1.1.tgz",
      "integrity": "sha1-q5Pyeo3BPSjKyBXEYhQ6bZASrp4=",
      "requires": {
        "is-fullwidth-code-point": "^2.0.0",
        "strip-ansi": "^4.0.0"
      },
      "dependencies": {
        "ansi-regex": {
          "version": "3.0.0",
          "resolved": "https://widen.jfrog.io/widen/api/npm/npm-virtual/ansi-regex/-/ansi-regex-3.0.0.tgz",
          "integrity": "sha1-7QMXwyIGT3lGbAKWa922Bas32Zg="
        },
        "strip-ansi": {
          "version": "4.0.0",
          "resolved": "https://widen.jfrog.io/widen/api/npm/npm-virtual/strip-ansi/-/strip-ansi-4.0.0.tgz",
          "integrity": "sha1-qEeQIusaw2iocTibY1JixQXuNo8=",
          "requires": {
            "ansi-regex": "^3.0.0"
          }
        }
      }
    },
    "strip-ansi": {
      "version": "3.0.1",
      "resolved": "https://widen.jfrog.io/widen/api/npm/npm-virtual/strip-ansi/-/strip-ansi-3.0.1.tgz",
      "integrity": "sha1-ajhfuIU9lS1f8F0Oiq+UJ43GPc8=",
      "requires": {
        "ansi-regex": "^2.0.0"
      }
    },
    "strip-eof": {
      "version": "1.0.0",
      "resolved": "https://widen.jfrog.io/widen/api/npm/npm-virtual/strip-eof/-/strip-eof-1.0.0.tgz",
      "integrity": "sha1-u0P/VZim6wXYm1n80SnJgzE2Br8="
    },
    "supports-color": {
      "version": "5.4.0",
      "resolved": "https://widen.jfrog.io/widen/api/npm/npm-virtual/supports-color/-/supports-color-5.4.0.tgz",
      "integrity": "sha1-HGszdALCE3YF7+GfEP7DkPb6q1Q=",
      "requires": {
        "has-flag": "^3.0.0"
      }
    },
    "to-fast-properties": {
      "version": "1.0.3",
      "resolved": "https://widen.jfrog.io/widen/api/npm/npm-virtual/to-fast-properties/-/to-fast-properties-1.0.3.tgz",
      "integrity": "sha1-uDVx+k2MJbguIxsG46MFXeTKGkc="
    },
    "traverse-chain": {
      "version": "0.1.0",
      "resolved": "https://widen.jfrog.io/widen/api/npm/npm-virtual/traverse-chain/-/traverse-chain-0.1.0.tgz",
      "integrity": "sha1-YdvC1Ttp/2CRoSoWj9fUMxB+QPE="
    },
    "which": {
      "version": "1.3.1",
      "resolved": "https://widen.jfrog.io/widen/api/npm/npm-virtual/which/-/which-1.3.1.tgz",
      "integrity": "sha1-pFBD1U9YBTFtqNYvn1CRjT2nCwo=",
      "requires": {
        "isexe": "^2.0.0"
      }
    },
    "which-module": {
      "version": "2.0.0",
      "resolved": "https://widen.jfrog.io/widen/api/npm/npm-virtual/which-module/-/which-module-2.0.0.tgz",
      "integrity": "sha1-2e8H3Od7mQK4o6j6SzHD4/fm6Ho="
    },
    "wrap-ansi": {
      "version": "2.1.0",
      "resolved": "https://widen.jfrog.io/widen/api/npm/npm-virtual/wrap-ansi/-/wrap-ansi-2.1.0.tgz",
      "integrity": "sha1-2Pw9KE3QV5T+hJc8rs3Rz4JP3YU=",
      "requires": {
        "string-width": "^1.0.1",
        "strip-ansi": "^3.0.1"
      },
      "dependencies": {
        "is-fullwidth-code-point": {
          "version": "1.0.0",
          "resolved": "https://widen.jfrog.io/widen/api/npm/npm-virtual/is-fullwidth-code-point/-/is-fullwidth-code-point-1.0.0.tgz",
          "integrity": "sha1-754xOG8DGn8NZDr4L95QxFfvAMs=",
          "requires": {
            "number-is-nan": "^1.0.0"
          }
        },
        "string-width": {
          "version": "1.0.2",
          "resolved": "https://widen.jfrog.io/widen/api/npm/npm-virtual/string-width/-/string-width-1.0.2.tgz",
          "integrity": "sha1-EYvfW4zcUaKn5w0hHgfisLmxB9M=",
          "requires": {
            "code-point-at": "^1.0.0",
            "is-fullwidth-code-point": "^1.0.0",
            "strip-ansi": "^3.0.0"
          }
        }
      }
    },
    "xregexp": {
      "version": "4.0.0",
      "resolved": "https://widen.jfrog.io/widen/api/npm/npm-virtual/xregexp/-/xregexp-4.0.0.tgz",
      "integrity": "sha1-5pgYneSd0qGMxWh7BeF8jkOUMCA="
    },
    "y18n": {
      "version": "4.0.0",
      "resolved": "https://widen.jfrog.io/widen/api/npm/npm-virtual/y18n/-/y18n-4.0.0.tgz",
      "integrity": "sha1-le+U+F7MgdAHwmThkKEg8KPIVms="
    },
    "yallist": {
      "version": "2.1.2",
      "resolved": "https://widen.jfrog.io/widen/api/npm/npm-virtual/yallist/-/yallist-2.1.2.tgz",
      "integrity": "sha1-HBH5IY8HYImkfdUS+TxmmaaoHVI="
    },
    "yargs": {
      "version": "12.0.1",
      "resolved": "https://widen.jfrog.io/widen/api/npm/npm-virtual/yargs/-/yargs-12.0.1.tgz",
      "integrity": "sha1-ZDLlYSO7Tnw1YhFUAemDdAYCYcI=",
      "requires": {
        "cliui": "^4.0.0",
        "decamelize": "^2.0.0",
        "find-up": "^3.0.0",
        "get-caller-file": "^1.0.1",
        "os-locale": "^2.0.0",
        "require-directory": "^2.1.1",
        "require-main-filename": "^1.0.1",
        "set-blocking": "^2.0.0",
        "string-width": "^2.0.0",
        "which-module": "^2.0.0",
        "y18n": "^3.2.1 || ^4.0.0",
        "yargs-parser": "^10.1.0"
      }
    },
    "yargs-parser": {
      "version": "10.1.0",
      "resolved": "https://widen.jfrog.io/widen/api/npm/npm-virtual/yargs-parser/-/yargs-parser-10.1.0.tgz",
      "integrity": "sha1-cgImW4n36eny5XZeD+c1qQXtuqg=",
      "requires": {
        "camelcase": "^4.1.0"
      }
    }
  }
}
